
Microsoft Visual Studio Solution File, Format Version 12.00
# Visual Studio Version 16
VisualStudioVersion = 16.0.30320.27
MinimumVisualStudioVersion = 10.0.40219.1
Project("{FAE04EC0-301F-11D3-BF4B-00C04F79EFBC}") = "Lab7_4JordanK", "Lab7_4JordanK\Lab7_4JordanK.csproj", "{51C75686-DA11-4A73-8E8E-7B62990915E1}"
EndProject
Global
	GlobalSection(SolutionConfigurationPlatforms) = preSolution
		Debug|Any CPU = Debug|Any CPU
		Release|Any CPU = Release|Any CPU
	EndGlobalSection
	GlobalSection(ProjectConfigurationPlatforms) = postSolution
		{51C75686-DA11-4A73-8E8E-7B62990915E1}.Debug|Any CPU.ActiveCfg = Debug|Any CPU
		{51C75686-DA11-4A73-8E8E-7B62990915E1}.Debug|Any CPU.Build.0 = Debug|Any CPU
		{51C75686-DA11-4A73-8E8E-7B62990915E1}.Release|Any CPU.ActiveCfg = Release|Any CPU
		{51C75686-DA11-4A73-8E8E-7B62990915E1}.Release|Any CPU.Build.0 = Release|Any CPU
	EndGlobalSection
	GlobalSection(SolutionProperties) = preSolution
		HideSolutionNode = FALSE
	EndGlobalSection
	GlobalSection(ExtensibilityGlobals) = postSolution
		SolutionGuid = {5A0CF2F8-4361-4C82-AC4F-E1A6176A858C}
	EndGlobalSection
EndGlobal
