
Microsoft Visual Studio Solution File, Format Version 12.00
# Visual Studio Version 16
VisualStudioVersion = 16.0.30320.27
MinimumVisualStudioVersion = 10.0.40219.1
Project("{FAE04EC0-301F-11D3-BF4B-00C04F79EFBC}") = "Lab5_6JordanK", "Lab5_6JordanK\Lab5_6JordanK.csproj", "{5A5AB758-8554-471B-B728-5B9B05A4D8D5}"
EndProject
Global
	GlobalSection(SolutionConfigurationPlatforms) = preSolution
		Debug|Any CPU = Debug|Any CPU
		Release|Any CPU = Release|Any CPU
	EndGlobalSection
	GlobalSection(ProjectConfigurationPlatforms) = postSolution
		{5A5AB758-8554-471B-B728-5B9B05A4D8D5}.Debug|Any CPU.ActiveCfg = Debug|Any CPU
		{5A5AB758-8554-471B-B728-5B9B05A4D8D5}.Debug|Any CPU.Build.0 = Debug|Any CPU
		{5A5AB758-8554-471B-B728-5B9B05A4D8D5}.Release|Any CPU.ActiveCfg = Release|Any CPU
		{5A5AB758-8554-471B-B728-5B9B05A4D8D5}.Release|Any CPU.Build.0 = Release|Any CPU
	EndGlobalSection
	GlobalSection(SolutionProperties) = preSolution
		HideSolutionNode = FALSE
	EndGlobalSection
	GlobalSection(ExtensibilityGlobals) = postSolution
		SolutionGuid = {AAEE0A24-B73C-4977-B8CD-03B861ABA15D}
	EndGlobalSection
EndGlobal
