
Microsoft Visual Studio Solution File, Format Version 12.00
# Visual Studio Version 16
VisualStudioVersion = 16.0.30309.148
MinimumVisualStudioVersion = 10.0.40219.1
Project("{FAE04EC0-301F-11D3-BF4B-00C04F79EFBC}") = "Lab3_5JordanK", "Lab3_5JordanK\Lab3_5JordanK.csproj", "{D2E3537D-E91F-49AB-9767-2BB7E452076C}"
EndProject
Global
	GlobalSection(SolutionConfigurationPlatforms) = preSolution
		Debug|Any CPU = Debug|Any CPU
		Release|Any CPU = Release|Any CPU
	EndGlobalSection
	GlobalSection(ProjectConfigurationPlatforms) = postSolution
		{D2E3537D-E91F-49AB-9767-2BB7E452076C}.Debug|Any CPU.ActiveCfg = Debug|Any CPU
		{D2E3537D-E91F-49AB-9767-2BB7E452076C}.Debug|Any CPU.Build.0 = Debug|Any CPU
		{D2E3537D-E91F-49AB-9767-2BB7E452076C}.Release|Any CPU.ActiveCfg = Release|Any CPU
		{D2E3537D-E91F-49AB-9767-2BB7E452076C}.Release|Any CPU.Build.0 = Release|Any CPU
	EndGlobalSection
	GlobalSection(SolutionProperties) = preSolution
		HideSolutionNode = FALSE
	EndGlobalSection
	GlobalSection(ExtensibilityGlobals) = postSolution
		SolutionGuid = {C5953C41-89B3-4488-9EB1-19CD8CDD4B23}
	EndGlobalSection
EndGlobal
