
Microsoft Visual Studio Solution File, Format Version 12.00
# Visual Studio Version 16
VisualStudioVersion = 16.0.30309.148
MinimumVisualStudioVersion = 10.0.40219.1
Project("{FAE04EC0-301F-11D3-BF4B-00C04F79EFBC}") = "Lab3_4JordanK", "Lab3_4JordanK\Lab3_4JordanK.csproj", "{87A209C7-3FF5-4DA7-B617-D2C1160643D6}"
EndProject
Global
	GlobalSection(SolutionConfigurationPlatforms) = preSolution
		Debug|Any CPU = Debug|Any CPU
		Release|Any CPU = Release|Any CPU
	EndGlobalSection
	GlobalSection(ProjectConfigurationPlatforms) = postSolution
		{87A209C7-3FF5-4DA7-B617-D2C1160643D6}.Debug|Any CPU.ActiveCfg = Debug|Any CPU
		{87A209C7-3FF5-4DA7-B617-D2C1160643D6}.Debug|Any CPU.Build.0 = Debug|Any CPU
		{87A209C7-3FF5-4DA7-B617-D2C1160643D6}.Release|Any CPU.ActiveCfg = Release|Any CPU
		{87A209C7-3FF5-4DA7-B617-D2C1160643D6}.Release|Any CPU.Build.0 = Release|Any CPU
	EndGlobalSection
	GlobalSection(SolutionProperties) = preSolution
		HideSolutionNode = FALSE
	EndGlobalSection
	GlobalSection(ExtensibilityGlobals) = postSolution
		SolutionGuid = {1784B0D1-8FCD-4B8F-800F-0A4CB77CD615}
	EndGlobalSection
EndGlobal
